
Microsoft Visual Studio Solution File, Format Version 12.00
# Visual Studio Version 17
VisualStudioVersion = 17.0.31903.59
MinimumVisualStudioVersion = 10.0.40219.1
Project("{FAE04EC0-301F-11D3-BF4B-00C04F79EFBC}") = "میزان مصرف برق یک خانواده", "میزان مصرف برق یک خانواده\میزان مصرف برق یک خانواده.csproj", "{114DBBEE-D333-4A73-A627-7CBBF891EF2D}"
EndProject
Global
	GlobalSection(SolutionConfigurationPlatforms) = preSolution
		Debug|Any CPU = Debug|Any CPU
		Release|Any CPU = Release|Any CPU
	EndGlobalSection
	GlobalSection(ProjectConfigurationPlatforms) = postSolution
		{114DBBEE-D333-4A73-A627-7CBBF891EF2D}.Debug|Any CPU.ActiveCfg = Debug|Any CPU
		{114DBBEE-D333-4A73-A627-7CBBF891EF2D}.Debug|Any CPU.Build.0 = Debug|Any CPU
		{114DBBEE-D333-4A73-A627-7CBBF891EF2D}.Release|Any CPU.ActiveCfg = Release|Any CPU
		{114DBBEE-D333-4A73-A627-7CBBF891EF2D}.Release|Any CPU.Build.0 = Release|Any CPU
	EndGlobalSection
	GlobalSection(SolutionProperties) = preSolution
		HideSolutionNode = FALSE
	EndGlobalSection
	GlobalSection(ExtensibilityGlobals) = postSolution
		SolutionGuid = {38472710-11EE-46AC-8CC0-A65CC633DDFC}
	EndGlobalSection
EndGlobal
