
Microsoft Visual Studio Solution File, Format Version 12.00
# Visual Studio Version 17
VisualStudioVersion = 17.0.31903.59
MinimumVisualStudioVersion = 10.0.40219.1
Project("{FAE04EC0-301F-11D3-BF4B-00C04F79EFBC}") = "مضارب 5 بین دو عدد", "مضارب 5 بین دو عدد\مضارب 5 بین دو عدد.csproj", "{4A2330EB-5926-4298-953F-55E436766DA6}"
EndProject
Global
	GlobalSection(SolutionConfigurationPlatforms) = preSolution
		Debug|Any CPU = Debug|Any CPU
		Release|Any CPU = Release|Any CPU
	EndGlobalSection
	GlobalSection(ProjectConfigurationPlatforms) = postSolution
		{4A2330EB-5926-4298-953F-55E436766DA6}.Debug|Any CPU.ActiveCfg = Debug|Any CPU
		{4A2330EB-5926-4298-953F-55E436766DA6}.Debug|Any CPU.Build.0 = Debug|Any CPU
		{4A2330EB-5926-4298-953F-55E436766DA6}.Release|Any CPU.ActiveCfg = Release|Any CPU
		{4A2330EB-5926-4298-953F-55E436766DA6}.Release|Any CPU.Build.0 = Release|Any CPU
	EndGlobalSection
	GlobalSection(SolutionProperties) = preSolution
		HideSolutionNode = FALSE
	EndGlobalSection
	GlobalSection(ExtensibilityGlobals) = postSolution
		SolutionGuid = {1C0D735A-1D1C-4322-ABA2-817D2CCF164D}
	EndGlobalSection
EndGlobal
